
Microsoft Visual Studio Solution File, Format Version 12.00
# Visual Studio 14
VisualStudioVersion = 14.0.25420.1
MinimumVisualStudioVersion = 10.0.40219.1
Project("{FAE04EC0-301F-11D3-BF4B-00C04F79EFBC}") = "Supeng.Examination.Model", "Supeng.Examination.Model\Supeng.Examination.Model.csproj", "{B2AC9397-D7D0-477A-9C31-B6504E4E56EE}"
EndProject
Project("{FAE04EC0-301F-11D3-BF4B-00C04F79EFBC}") = "Supeng.Examination.DataAccess", "Supeng.Examination.DataAccess\Supeng.Examination.DataAccess.csproj", "{F5132CB8-C424-4B57-8D57-D3429FB883A8}"
EndProject
Project("{FAE04EC0-301F-11D3-BF4B-00C04F79EFBC}") = "Supeng.Examination.BusinessLayer", "Supeng.Examination.BusinessLayer\Supeng.Examination.BusinessLayer.csproj", "{E388C7FD-E04A-45DD-B308-B9F45551300E}"
EndProject
Project("{FAE04EC0-301F-11D3-BF4B-00C04F79EFBC}") = "Supeng.Examination.BusinessLayer.Test", "Supeng.Examination.BusinessLayer.Test\Supeng.Examination.BusinessLayer.Test.csproj", "{3C39A925-8A49-4547-A076-FEE1BF92D085}"
EndProject
Project("{FAE04EC0-301F-11D3-BF4B-00C04F79EFBC}") = "Supeng.Examination.Model.Test", "Supeng.Examination.Model.Test\Supeng.Examination.Model.Test.csproj", "{90C9017A-6217-4890-996B-4A03914EDC62}"
EndProject
Project("{FAE04EC0-301F-11D3-BF4B-00C04F79EFBC}") = "Management", "Management\Management.csproj", "{3CDD64B4-3687-4734-A50B-FB2F42671EAB}"
EndProject
Project("{FAE04EC0-301F-11D3-BF4B-00C04F79EFBC}") = "Management.Test", "Management.Test\Management.Test.csproj", "{DE39C034-C946-4931-A89E-FF45CC0D3831}"
EndProject
Project("{FAE04EC0-301F-11D3-BF4B-00C04F79EFBC}") = "Supeng.Common", "Supeng.Common\Supeng.Common.csproj", "{D5D9017F-CA49-4CEC-8C16-9F9623D7EF33}"
EndProject
Project("{FAE04EC0-301F-11D3-BF4B-00C04F79EFBC}") = "Entry", "Entry\Entry.csproj", "{A519001A-87C6-467F-AACE-84AB1E867F69}"
EndProject
Project("{FAE04EC0-301F-11D3-BF4B-00C04F79EFBC}") = "Entry.Test", "Entry.Test\Entry.Test.csproj", "{8541C6EB-FB62-429C-AA25-E0407F1155AF}"
EndProject
Project("{FAE04EC0-301F-11D3-BF4B-00C04F79EFBC}") = "Supeng.Web.Common", "Supeng.Web.Common\Supeng.Web.Common.csproj", "{8E2F8129-E8BA-4057-8961-16E896FA0D49}"
EndProject
Project("{00D1A9C2-B5F0-4AF3-8072-F6C62B433612}") = "Examination.Database", "Examination.Database\Examination.Database.sqlproj", "{418A444E-7EF5-47D3-9260-F0B489BF784A}"
EndProject
Project("{FAE04EC0-301F-11D3-BF4B-00C04F79EFBC}") = "Supeng.Examination.Utilities", "Supeng.Examination.Utilities\Supeng.Examination.Utilities.csproj", "{897B8C3D-FABB-4D3C-8786-0B555A6C1285}"
EndProject
Project("{FAE04EC0-301F-11D3-BF4B-00C04F79EFBC}") = "Tester", "Tester\Tester.csproj", "{7826D921-A38B-4936-958B-C5765BDAF2A0}"
EndProject
Project("{FAE04EC0-301F-11D3-BF4B-00C04F79EFBC}") = "TesterTest", "TesterTest\TesterTest.csproj", "{2AE3B25C-711E-40DA-9377-FA8FEB680702}"
EndProject
Project("{2150E333-8FDC-42A3-9474-1A3956D46DE8}") = "Websites", "Websites", "{A4DF4377-06BB-4129-9C4E-A6D3D81194C1}"
EndProject
Project("{2150E333-8FDC-42A3-9474-1A3956D46DE8}") = "Tests", "Tests", "{92F9677F-4672-4B25-82F1-295BE8D6F1DF}"
EndProject
Project("{2150E333-8FDC-42A3-9474-1A3956D46DE8}") = "DataAccess", "DataAccess", "{3B5CD988-B428-4D3D-B032-11EB95AF863D}"
EndProject
Project("{2150E333-8FDC-42A3-9474-1A3956D46DE8}") = "BusinessLayer", "BusinessLayer", "{8BBAD1B9-D64C-4AE8-8E4D-A11B76FC4305}"
EndProject
Project("{FAE04EC0-301F-11D3-BF4B-00C04F79EFBC}") = "Supeng.Examination.Utilities.Test", "Supeng.Examination.Utilities.Test\Supeng.Examination.Utilities.Test.csproj", "{3B7207BB-B950-450F-B3C6-1268DBCC2833}"
EndProject
Project("{FAE04EC0-301F-11D3-BF4B-00C04F79EFBC}") = "Supeng.Office", "Supeng.Office\Supeng.Office.csproj", "{79D38CFD-6078-417D-9CA8-81228910FE64}"
EndProject
Project("{FAE04EC0-301F-11D3-BF4B-00C04F79EFBC}") = "Supeng.Office.Tests", "Supeng.Office.Tests\Supeng.Office.Tests.csproj", "{CDB65043-F1D1-4B25-B0E9-D2D77F6E13A6}"
EndProject
Global
	GlobalSection(SolutionConfigurationPlatforms) = preSolution
		Debug|Any CPU = Debug|Any CPU
		Release|Any CPU = Release|Any CPU
	EndGlobalSection
	GlobalSection(ProjectConfigurationPlatforms) = postSolution
		{B2AC9397-D7D0-477A-9C31-B6504E4E56EE}.Debug|Any CPU.ActiveCfg = Debug|Any CPU
		{B2AC9397-D7D0-477A-9C31-B6504E4E56EE}.Debug|Any CPU.Build.0 = Debug|Any CPU
		{B2AC9397-D7D0-477A-9C31-B6504E4E56EE}.Release|Any CPU.ActiveCfg = Release|Any CPU
		{B2AC9397-D7D0-477A-9C31-B6504E4E56EE}.Release|Any CPU.Build.0 = Release|Any CPU
		{F5132CB8-C424-4B57-8D57-D3429FB883A8}.Debug|Any CPU.ActiveCfg = Debug|Any CPU
		{F5132CB8-C424-4B57-8D57-D3429FB883A8}.Debug|Any CPU.Build.0 = Debug|Any CPU
		{F5132CB8-C424-4B57-8D57-D3429FB883A8}.Release|Any CPU.ActiveCfg = Release|Any CPU
		{F5132CB8-C424-4B57-8D57-D3429FB883A8}.Release|Any CPU.Build.0 = Release|Any CPU
		{E388C7FD-E04A-45DD-B308-B9F45551300E}.Debug|Any CPU.ActiveCfg = Debug|Any CPU
		{E388C7FD-E04A-45DD-B308-B9F45551300E}.Debug|Any CPU.Build.0 = Debug|Any CPU
		{E388C7FD-E04A-45DD-B308-B9F45551300E}.Release|Any CPU.ActiveCfg = Release|Any CPU
		{E388C7FD-E04A-45DD-B308-B9F45551300E}.Release|Any CPU.Build.0 = Release|Any CPU
		{3C39A925-8A49-4547-A076-FEE1BF92D085}.Debug|Any CPU.ActiveCfg = Debug|Any CPU
		{3C39A925-8A49-4547-A076-FEE1BF92D085}.Debug|Any CPU.Build.0 = Debug|Any CPU
		{3C39A925-8A49-4547-A076-FEE1BF92D085}.Release|Any CPU.ActiveCfg = Release|Any CPU
		{3C39A925-8A49-4547-A076-FEE1BF92D085}.Release|Any CPU.Build.0 = Release|Any CPU
		{90C9017A-6217-4890-996B-4A03914EDC62}.Debug|Any CPU.ActiveCfg = Debug|Any CPU
		{90C9017A-6217-4890-996B-4A03914EDC62}.Debug|Any CPU.Build.0 = Debug|Any CPU
		{90C9017A-6217-4890-996B-4A03914EDC62}.Release|Any CPU.ActiveCfg = Release|Any CPU
		{90C9017A-6217-4890-996B-4A03914EDC62}.Release|Any CPU.Build.0 = Release|Any CPU
		{3CDD64B4-3687-4734-A50B-FB2F42671EAB}.Debug|Any CPU.ActiveCfg = Debug|Any CPU
		{3CDD64B4-3687-4734-A50B-FB2F42671EAB}.Debug|Any CPU.Build.0 = Debug|Any CPU
		{3CDD64B4-3687-4734-A50B-FB2F42671EAB}.Release|Any CPU.ActiveCfg = Release|Any CPU
		{3CDD64B4-3687-4734-A50B-FB2F42671EAB}.Release|Any CPU.Build.0 = Release|Any CPU
		{DE39C034-C946-4931-A89E-FF45CC0D3831}.Debug|Any CPU.ActiveCfg = Debug|Any CPU
		{DE39C034-C946-4931-A89E-FF45CC0D3831}.Debug|Any CPU.Build.0 = Debug|Any CPU
		{DE39C034-C946-4931-A89E-FF45CC0D3831}.Release|Any CPU.ActiveCfg = Release|Any CPU
		{DE39C034-C946-4931-A89E-FF45CC0D3831}.Release|Any CPU.Build.0 = Release|Any CPU
		{D5D9017F-CA49-4CEC-8C16-9F9623D7EF33}.Debug|Any CPU.ActiveCfg = Debug|Any CPU
		{D5D9017F-CA49-4CEC-8C16-9F9623D7EF33}.Debug|Any CPU.Build.0 = Debug|Any CPU
		{D5D9017F-CA49-4CEC-8C16-9F9623D7EF33}.Release|Any CPU.ActiveCfg = Release|Any CPU
		{D5D9017F-CA49-4CEC-8C16-9F9623D7EF33}.Release|Any CPU.Build.0 = Release|Any CPU
		{A519001A-87C6-467F-AACE-84AB1E867F69}.Debug|Any CPU.ActiveCfg = Debug|Any CPU
		{A519001A-87C6-467F-AACE-84AB1E867F69}.Debug|Any CPU.Build.0 = Debug|Any CPU
		{A519001A-87C6-467F-AACE-84AB1E867F69}.Release|Any CPU.ActiveCfg = Release|Any CPU
		{A519001A-87C6-467F-AACE-84AB1E867F69}.Release|Any CPU.Build.0 = Release|Any CPU
		{8541C6EB-FB62-429C-AA25-E0407F1155AF}.Debug|Any CPU.ActiveCfg = Debug|Any CPU
		{8541C6EB-FB62-429C-AA25-E0407F1155AF}.Debug|Any CPU.Build.0 = Debug|Any CPU
		{8541C6EB-FB62-429C-AA25-E0407F1155AF}.Release|Any CPU.ActiveCfg = Release|Any CPU
		{8541C6EB-FB62-429C-AA25-E0407F1155AF}.Release|Any CPU.Build.0 = Release|Any CPU
		{8E2F8129-E8BA-4057-8961-16E896FA0D49}.Debug|Any CPU.ActiveCfg = Debug|Any CPU
		{8E2F8129-E8BA-4057-8961-16E896FA0D49}.Debug|Any CPU.Build.0 = Debug|Any CPU
		{8E2F8129-E8BA-4057-8961-16E896FA0D49}.Release|Any CPU.ActiveCfg = Release|Any CPU
		{8E2F8129-E8BA-4057-8961-16E896FA0D49}.Release|Any CPU.Build.0 = Release|Any CPU
		{418A444E-7EF5-47D3-9260-F0B489BF784A}.Debug|Any CPU.ActiveCfg = Debug|Any CPU
		{418A444E-7EF5-47D3-9260-F0B489BF784A}.Debug|Any CPU.Build.0 = Debug|Any CPU
		{418A444E-7EF5-47D3-9260-F0B489BF784A}.Debug|Any CPU.Deploy.0 = Debug|Any CPU
		{418A444E-7EF5-47D3-9260-F0B489BF784A}.Release|Any CPU.ActiveCfg = Release|Any CPU
		{418A444E-7EF5-47D3-9260-F0B489BF784A}.Release|Any CPU.Build.0 = Release|Any CPU
		{418A444E-7EF5-47D3-9260-F0B489BF784A}.Release|Any CPU.Deploy.0 = Release|Any CPU
		{897B8C3D-FABB-4D3C-8786-0B555A6C1285}.Debug|Any CPU.ActiveCfg = Debug|Any CPU
		{897B8C3D-FABB-4D3C-8786-0B555A6C1285}.Debug|Any CPU.Build.0 = Debug|Any CPU
		{897B8C3D-FABB-4D3C-8786-0B555A6C1285}.Release|Any CPU.ActiveCfg = Release|Any CPU
		{897B8C3D-FABB-4D3C-8786-0B555A6C1285}.Release|Any CPU.Build.0 = Release|Any CPU
		{7826D921-A38B-4936-958B-C5765BDAF2A0}.Debug|Any CPU.ActiveCfg = Debug|Any CPU
		{7826D921-A38B-4936-958B-C5765BDAF2A0}.Debug|Any CPU.Build.0 = Debug|Any CPU
		{7826D921-A38B-4936-958B-C5765BDAF2A0}.Release|Any CPU.ActiveCfg = Release|Any CPU
		{7826D921-A38B-4936-958B-C5765BDAF2A0}.Release|Any CPU.Build.0 = Release|Any CPU
		{2AE3B25C-711E-40DA-9377-FA8FEB680702}.Debug|Any CPU.ActiveCfg = Debug|Any CPU
		{2AE3B25C-711E-40DA-9377-FA8FEB680702}.Debug|Any CPU.Build.0 = Debug|Any CPU
		{2AE3B25C-711E-40DA-9377-FA8FEB680702}.Release|Any CPU.ActiveCfg = Release|Any CPU
		{2AE3B25C-711E-40DA-9377-FA8FEB680702}.Release|Any CPU.Build.0 = Release|Any CPU
		{3B7207BB-B950-450F-B3C6-1268DBCC2833}.Debug|Any CPU.ActiveCfg = Debug|Any CPU
		{3B7207BB-B950-450F-B3C6-1268DBCC2833}.Debug|Any CPU.Build.0 = Debug|Any CPU
		{3B7207BB-B950-450F-B3C6-1268DBCC2833}.Release|Any CPU.ActiveCfg = Release|Any CPU
		{3B7207BB-B950-450F-B3C6-1268DBCC2833}.Release|Any CPU.Build.0 = Release|Any CPU
		{79D38CFD-6078-417D-9CA8-81228910FE64}.Debug|Any CPU.ActiveCfg = Debug|Any CPU
		{79D38CFD-6078-417D-9CA8-81228910FE64}.Debug|Any CPU.Build.0 = Debug|Any CPU
		{79D38CFD-6078-417D-9CA8-81228910FE64}.Release|Any CPU.ActiveCfg = Release|Any CPU
		{79D38CFD-6078-417D-9CA8-81228910FE64}.Release|Any CPU.Build.0 = Release|Any CPU
		{CDB65043-F1D1-4B25-B0E9-D2D77F6E13A6}.Debug|Any CPU.ActiveCfg = Debug|Any CPU
		{CDB65043-F1D1-4B25-B0E9-D2D77F6E13A6}.Debug|Any CPU.Build.0 = Debug|Any CPU
		{CDB65043-F1D1-4B25-B0E9-D2D77F6E13A6}.Release|Any CPU.ActiveCfg = Release|Any CPU
		{CDB65043-F1D1-4B25-B0E9-D2D77F6E13A6}.Release|Any CPU.Build.0 = Release|Any CPU
	EndGlobalSection
	GlobalSection(SolutionProperties) = preSolution
		HideSolutionNode = FALSE
	EndGlobalSection
	GlobalSection(NestedProjects) = preSolution
		{B2AC9397-D7D0-477A-9C31-B6504E4E56EE} = {3B5CD988-B428-4D3D-B032-11EB95AF863D}
		{F5132CB8-C424-4B57-8D57-D3429FB883A8} = {3B5CD988-B428-4D3D-B032-11EB95AF863D}
		{E388C7FD-E04A-45DD-B308-B9F45551300E} = {8BBAD1B9-D64C-4AE8-8E4D-A11B76FC4305}
		{3C39A925-8A49-4547-A076-FEE1BF92D085} = {8BBAD1B9-D64C-4AE8-8E4D-A11B76FC4305}
		{90C9017A-6217-4890-996B-4A03914EDC62} = {3B5CD988-B428-4D3D-B032-11EB95AF863D}
		{3CDD64B4-3687-4734-A50B-FB2F42671EAB} = {A4DF4377-06BB-4129-9C4E-A6D3D81194C1}
		{DE39C034-C946-4931-A89E-FF45CC0D3831} = {92F9677F-4672-4B25-82F1-295BE8D6F1DF}
		{A519001A-87C6-467F-AACE-84AB1E867F69} = {A4DF4377-06BB-4129-9C4E-A6D3D81194C1}
		{8541C6EB-FB62-429C-AA25-E0407F1155AF} = {92F9677F-4672-4B25-82F1-295BE8D6F1DF}
		{7826D921-A38B-4936-958B-C5765BDAF2A0} = {A4DF4377-06BB-4129-9C4E-A6D3D81194C1}
		{2AE3B25C-711E-40DA-9377-FA8FEB680702} = {92F9677F-4672-4B25-82F1-295BE8D6F1DF}
		{92F9677F-4672-4B25-82F1-295BE8D6F1DF} = {A4DF4377-06BB-4129-9C4E-A6D3D81194C1}
	EndGlobalSection
EndGlobal
